
Microsoft Visual Studio Solution File, Format Version 11.00
# Visual Studio 2010
Project("{8BC9CEB8-8B4A-11D0-8D11-00A0C91BC942}") = "DLL_ICElib", "DLL_ICElib\DLL_ICElib.vcxproj", "{E27566BB-61AA-4893-ACD2-D773983951F2}"
	ProjectSection(ProjectDependencies) = postProject
		{CE24EEB2-7D91-43A3-B2F4-10E47CDE97DC} = {CE24EEB2-7D91-43A3-B2F4-10E47CDE97DC}
	EndProjectSection
EndProject
Project("{6989167D-11E4-40FE-8C1A-2192A86A7E90}") = "FortranTermoLib", "FortranTermoLib\FortranTermoLib.vfproj", "{CE24EEB2-7D91-43A3-B2F4-10E47CDE97DC}"
EndProject
Global
	GlobalSection(SolutionConfigurationPlatforms) = preSolution
		Debug|Win32 = Debug|Win32
		Release|Win32 = Release|Win32
	EndGlobalSection
	GlobalSection(ProjectConfigurationPlatforms) = postSolution
		{E27566BB-61AA-4893-ACD2-D773983951F2}.Debug|Win32.ActiveCfg = Release|Win32
		{E27566BB-61AA-4893-ACD2-D773983951F2}.Debug|Win32.Build.0 = Release|Win32
		{E27566BB-61AA-4893-ACD2-D773983951F2}.Release|Win32.ActiveCfg = Release|Win32
		{E27566BB-61AA-4893-ACD2-D773983951F2}.Release|Win32.Build.0 = Release|Win32
		{CE24EEB2-7D91-43A3-B2F4-10E47CDE97DC}.Debug|Win32.ActiveCfg = Release|Win32
		{CE24EEB2-7D91-43A3-B2F4-10E47CDE97DC}.Debug|Win32.Build.0 = Release|Win32
		{CE24EEB2-7D91-43A3-B2F4-10E47CDE97DC}.Release|Win32.ActiveCfg = Release|Win32
		{CE24EEB2-7D91-43A3-B2F4-10E47CDE97DC}.Release|Win32.Build.0 = Release|Win32
	EndGlobalSection
	GlobalSection(SolutionProperties) = preSolution
		HideSolutionNode = FALSE
	EndGlobalSection
EndGlobal
