<?xml version="1.0" encoding="utf-8"?>
<Project ToolsVersion="4.0" xmlns="http://schemas.microsoft.com/developer/msbuild/2003">
  <ItemGroup>
    <Filter Include="Source Files">
      <UniqueIdentifier>{4FC737F1-C7A5-4376-A066-2A32D752A2FF}</UniqueIdentifier>
      <Extensions>cpp;c;cc;cxx;def;odl;idl;hpj;bat;asm;asmx</Extensions>
    </Filter>
    <Filter Include="Header Files">
      <UniqueIdentifier>{93995380-89BD-4b04-88EB-625FBE52EBFB}</UniqueIdentifier>
      <Extensions>h;hpp;hxx;hm;inl;inc;xsd</Extensions>
    </Filter>
    <Filter Include="Resource Files">
      <UniqueIdentifier>{67DA6AB6-F800-4c08-8B7A-83BB121AAD01}</UniqueIdentifier>
      <Extensions>rc;ico;cur;bmp;dlg;rc2;rct;bin;rgs;gif;jpg;jpeg;jpe;resx;tiff;tif;png;wav;mfcribbon-ms</Extensions>
    </Filter>
  </ItemGroup>
  <ItemGroup>
    <ClCompile Include="DLLsrc.cpp">
      <Filter>Source Files</Filter>
    </ClCompile>
    <ClCompile Include="GetAirDensity.cpp">
      <Filter>Source Files</Filter>
    </ClCompile>
    <ClCompile Include="GetAirThermalConduct.cpp">
      <Filter>Source Files</Filter>
    </ClCompile>
    <ClCompile Include="GetAirViscosity.cpp">
      <Filter>Source Files</Filter>
    </ClCompile>
    <ClCompile Include="GetCompCombGas.cpp">
      <Filter>Source Files</Filter>
    </ClCompile>
    <ClCompile Include="GetCompleteComb.cpp">
      <Filter>Source Files</Filter>
    </ClCompile>
    <ClCompile Include="GetDensityHCVapor.cpp">
      <Filter>Source Files</Filter>
    </ClCompile>
    <ClCompile Include="GetDiffusivityHCVaporToAir.cpp">
      <Filter>Source Files</Filter>
    </ClCompile>
    <ClCompile Include="GetEquilGrill.cpp">
      <Filter>Source Files</Filter>
    </ClCompile>
    <ClCompile Include="GetFuelPropertyN_Dodecane.cpp">
      <Filter>Source Files</Filter>
    </ClCompile>
    <ClCompile Include="GetHTCoeffHTX.cpp">
      <Filter>Source Files</Filter>
    </ClCompile>
    <ClCompile Include="GetIdealNozzleFlowPTF.cpp">
      <Filter>Source Files</Filter>
    </ClCompile>
    <ClCompile Include="GetPTFV1.cpp">
      <Filter>Source Files</Filter>
    </ClCompile>
    <ClCompile Include="GetPTx.cpp">
      <Filter>Source Files</Filter>
    </ClCompile>
    <ClCompile Include="GetT_atm_p.cpp">
      <Filter>Source Files</Filter>
    </ClCompile>
    <ClCompile Include="GetTFromPhF.cpp">
      <Filter>Source Files</Filter>
    </ClCompile>
    <ClCompile Include="GetThdynCombGasZach.cpp">
      <Filter>Source Files</Filter>
    </ClCompile>
    <ClCompile Include="GetThdynCombGasZachV1.cpp">
      <Filter>Source Files</Filter>
    </ClCompile>
    <ClCompile Include="GetThermalPropertyHCVaporReal.cpp">
      <Filter>Source Files</Filter>
    </ClCompile>
    <ClCompile Include="GetThermoDynProp.cpp">
      <Filter>Source Files</Filter>
    </ClCompile>
    <ClCompile Include="GetViscosityHCVapor.cpp">
      <Filter>Source Files</Filter>
    </ClCompile>
    <ClCompile Include="power.cpp">
      <Filter>Source Files</Filter>
    </ClCompile>
    <ClCompile Include="rdivide.cpp">
      <Filter>Source Files</Filter>
    </ClCompile>
    <ClCompile Include="rt_nonfinite.cpp">
      <Filter>Source Files</Filter>
    </ClCompile>
    <ClCompile Include="rtGetInf.cpp">
      <Filter>Source Files</Filter>
    </ClCompile>
    <ClCompile Include="rtGetNaN.cpp">
      <Filter>Source Files</Filter>
    </ClCompile>
    <ClCompile Include="sqrt.cpp">
      <Filter>Source Files</Filter>
    </ClCompile>
    <ClCompile Include="ThdynPack_data.cpp">
      <Filter>Source Files</Filter>
    </ClCompile>
    <ClCompile Include="ThdynPack_rtwutil.cpp">
      <Filter>Source Files</Filter>
    </ClCompile>
  </ItemGroup>
  <ItemGroup>
    <ClInclude Include="GetAirDensity.h">
      <Filter>Header Files</Filter>
    </ClInclude>
    <ClInclude Include="GetAirThermalConduct.h">
      <Filter>Header Files</Filter>
    </ClInclude>
    <ClInclude Include="GetAirViscosity.h">
      <Filter>Header Files</Filter>
    </ClInclude>
    <ClInclude Include="GetCompCombGas.h">
      <Filter>Header Files</Filter>
    </ClInclude>
    <ClInclude Include="GetCompleteComb.h">
      <Filter>Header Files</Filter>
    </ClInclude>
    <ClInclude Include="GetDensityHCVapor.h">
      <Filter>Header Files</Filter>
    </ClInclude>
    <ClInclude Include="GetDiffusivityHCVaporToAir.h">
      <Filter>Header Files</Filter>
    </ClInclude>
    <ClInclude Include="GetEquilGrill.h">
      <Filter>Header Files</Filter>
    </ClInclude>
    <ClInclude Include="GetFuelPropertyN_Dodecane.h">
      <Filter>Header Files</Filter>
    </ClInclude>
    <ClInclude Include="GetHTCoeffHTX.h">
      <Filter>Header Files</Filter>
    </ClInclude>
    <ClInclude Include="GetIdealNozzleFlowPTF.h">
      <Filter>Header Files</Filter>
    </ClInclude>
    <ClInclude Include="GetPTFV1.h">
      <Filter>Header Files</Filter>
    </ClInclude>
    <ClInclude Include="GetPTx.h">
      <Filter>Header Files</Filter>
    </ClInclude>
    <ClInclude Include="GetT_atm_p.h">
      <Filter>Header Files</Filter>
    </ClInclude>
    <ClInclude Include="GetTFromPhF.h">
      <Filter>Header Files</Filter>
    </ClInclude>
    <ClInclude Include="GetThdynCombGasZach.h">
      <Filter>Header Files</Filter>
    </ClInclude>
    <ClInclude Include="GetThdynCombGasZachV1.h">
      <Filter>Header Files</Filter>
    </ClInclude>
    <ClInclude Include="GetThermalPropertyHCVaporReal.h">
      <Filter>Header Files</Filter>
    </ClInclude>
    <ClInclude Include="GetThermoDynProp.h">
      <Filter>Header Files</Filter>
    </ClInclude>
    <ClInclude Include="GetViscosityHCVapor.h">
      <Filter>Header Files</Filter>
    </ClInclude>
    <ClInclude Include="power.h">
      <Filter>Header Files</Filter>
    </ClInclude>
    <ClInclude Include="rdivide.h">
      <Filter>Header Files</Filter>
    </ClInclude>
    <ClInclude Include="rt_nonfinite.h">
      <Filter>Header Files</Filter>
    </ClInclude>
    <ClInclude Include="rtGetInf.h">
      <Filter>Header Files</Filter>
    </ClInclude>
    <ClInclude Include="rtGetNaN.h">
      <Filter>Header Files</Filter>
    </ClInclude>
    <ClInclude Include="rtwtypes.h">
      <Filter>Header Files</Filter>
    </ClInclude>
    <ClInclude Include="sqrt.h">
      <Filter>Header Files</Filter>
    </ClInclude>
    <ClInclude Include="stdafx.h">
      <Filter>Header Files</Filter>
    </ClInclude>
    <ClInclude Include="ThdynPack_data.h">
      <Filter>Header Files</Filter>
    </ClInclude>
    <ClInclude Include="ThdynPack_rtwutil.h">
      <Filter>Header Files</Filter>
    </ClInclude>
    <ClInclude Include="ThdynPack_types.h">
      <Filter>Header Files</Filter>
    </ClInclude>
  </ItemGroup>
</Project>