<?xml version="1.0" encoding="utf-8"?>
<Project ToolsVersion="4.0" xmlns="http://schemas.microsoft.com/developer/msbuild/2003">
  <ItemGroup>
    <Filter Include="Source Files">
      <UniqueIdentifier>{4FC737F1-C7A5-4376-A066-2A32D752A2FF}</UniqueIdentifier>
      <Extensions>cpp;c;cc;cxx;def;odl;idl;hpj;bat;asm;asmx</Extensions>
    </Filter>
    <Filter Include="Header Files">
      <UniqueIdentifier>{93995380-89BD-4b04-88EB-625FBE52EBFB}</UniqueIdentifier>
      <Extensions>h;hpp;hxx;hm;inl;inc;xsd</Extensions>
    </Filter>
    <Filter Include="Resource Files">
      <UniqueIdentifier>{67DA6AB6-F800-4c08-8B7A-83BB121AAD01}</UniqueIdentifier>
      <Extensions>rc;ico;cur;bmp;dlg;rc2;rct;bin;rgs;gif;jpg;jpeg;jpe;resx;tiff;tif;png;wav;mfcribbon-ms</Extensions>
    </Filter>
  </ItemGroup>
  <ItemGroup>
    <ClCompile Include="DLLsrc.cpp">
      <Filter>Source Files</Filter>
    </ClCompile>
    <ClCompile Include="Get3Wiebe.c">
      <Filter>Source Files</Filter>
    </ClCompile>
    <ClCompile Include="GetCompCombGas.c">
      <Filter>Source Files</Filter>
    </ClCompile>
    <ClCompile Include="GetCompCombGas_initialize.c">
      <Filter>Source Files</Filter>
    </ClCompile>
    <ClCompile Include="GetCompCombGas_rtwutil.c">
      <Filter>Source Files</Filter>
    </ClCompile>
    <ClCompile Include="GetCompCombGas_terminate.c">
      <Filter>Source Files</Filter>
    </ClCompile>
    <ClCompile Include="GetCompleteComb.c">
      <Filter>Source Files</Filter>
    </ClCompile>
    <ClCompile Include="GetEquilGrill.c">
      <Filter>Source Files</Filter>
    </ClCompile>
    <ClCompile Include="GetPTx.c">
      <Filter>Source Files</Filter>
    </ClCompile>
    <ClCompile Include="GetThermoDynProp.c">
      <Filter>Source Files</Filter>
    </ClCompile>
    <ClCompile Include="GetTxV.c">
      <Filter>Source Files</Filter>
    </ClCompile>
    <ClCompile Include="rt_nonfinite.c">
      <Filter>Source Files</Filter>
    </ClCompile>
    <ClCompile Include="rtGetInf.c">
      <Filter>Source Files</Filter>
    </ClCompile>
    <ClCompile Include="rtGetNaN.c">
      <Filter>Source Files</Filter>
    </ClCompile>
    <ClCompile Include="sum.c">
      <Filter>Source Files</Filter>
    </ClCompile>
    <ClCompile Include="GetROHRDyn.c">
      <Filter>Source Files</Filter>
    </ClCompile>
    <ClCompile Include="Get3WiebePara.c">
      <Filter>Source Files</Filter>
    </ClCompile>
    <ClCompile Include="GetAirDensity.c">
      <Filter>Source Files</Filter>
    </ClCompile>
    <ClCompile Include="GetViscosityHCVapor.c">
      <Filter>Source Files</Filter>
    </ClCompile>
    <ClCompile Include="GetThermalPropertyHCVaporReal.c">
      <Filter>Source Files</Filter>
    </ClCompile>
    <ClCompile Include="rdivide.c">
      <Filter>Source Files</Filter>
    </ClCompile>
    <ClCompile Include="GetThdynCombGasZach.c">
      <Filter>Source Files</Filter>
    </ClCompile>
    <ClCompile Include="GetT_atm_p.c">
      <Filter>Source Files</Filter>
    </ClCompile>
    <ClCompile Include="GetPTF.c">
      <Filter>Source Files</Filter>
    </ClCompile>
    <ClCompile Include="GetIdealNozzleFlow.c">
      <Filter>Source Files</Filter>
    </ClCompile>
    <ClCompile Include="GetAirThermalConduct.c">
      <Filter>Source Files</Filter>
    </ClCompile>
    <ClCompile Include="GetAirViscosity.c">
      <Filter>Source Files</Filter>
    </ClCompile>
    <ClCompile Include="GetHTCoeffHTX.c">
      <Filter>Source Files</Filter>
    </ClCompile>
    <ClCompile Include="GetFuelPropertyN_Dodecane.c">
      <Filter>Source Files</Filter>
    </ClCompile>
    <ClCompile Include="GetDensityHCVapor.c">
      <Filter>Source Files</Filter>
    </ClCompile>
    <ClCompile Include="GetDiffusivityHCVaporToAir.c">
      <Filter>Source Files</Filter>
    </ClCompile>
  </ItemGroup>
  <ItemGroup>
    <ClInclude Include="Get3Wiebe.h">
      <Filter>Header Files</Filter>
    </ClInclude>
    <ClInclude Include="GetCompCombGas.h">
      <Filter>Header Files</Filter>
    </ClInclude>
    <ClInclude Include="GetCompCombGas_initialize.h">
      <Filter>Header Files</Filter>
    </ClInclude>
    <ClInclude Include="GetCompCombGas_rtwutil.h">
      <Filter>Header Files</Filter>
    </ClInclude>
    <ClInclude Include="GetCompCombGas_terminate.h">
      <Filter>Header Files</Filter>
    </ClInclude>
    <ClInclude Include="GetCompCombGas_types.h">
      <Filter>Header Files</Filter>
    </ClInclude>
    <ClInclude Include="GetCompleteComb.h">
      <Filter>Header Files</Filter>
    </ClInclude>
    <ClInclude Include="GetEquilGrill.h">
      <Filter>Header Files</Filter>
    </ClInclude>
    <ClInclude Include="GetPTx.h">
      <Filter>Header Files</Filter>
    </ClInclude>
    <ClInclude Include="GetROHRDyn.h">
      <Filter>Header Files</Filter>
    </ClInclude>
    <ClInclude Include="GetThermoDynProp.h">
      <Filter>Header Files</Filter>
    </ClInclude>
    <ClInclude Include="GetTxV.h">
      <Filter>Header Files</Filter>
    </ClInclude>
    <ClInclude Include="rt_nonfinite.h">
      <Filter>Header Files</Filter>
    </ClInclude>
    <ClInclude Include="rtGetInf.h">
      <Filter>Header Files</Filter>
    </ClInclude>
    <ClInclude Include="rtGetNaN.h">
      <Filter>Header Files</Filter>
    </ClInclude>
    <ClInclude Include="rtwtypes.h">
      <Filter>Header Files</Filter>
    </ClInclude>
    <ClInclude Include="sum.h">
      <Filter>Header Files</Filter>
    </ClInclude>
    <ClInclude Include="Get3WiebePara.h">
      <Filter>Header Files</Filter>
    </ClInclude>
    <ClInclude Include="GetAirDensity.h">
      <Filter>Header Files</Filter>
    </ClInclude>
    <ClInclude Include="GetViscosityHCVapor.h">
      <Filter>Header Files</Filter>
    </ClInclude>
    <ClInclude Include="GetThermalPropertyHCVaporReal.h">
      <Filter>Header Files</Filter>
    </ClInclude>
    <ClInclude Include="rdivide.h">
      <Filter>Header Files</Filter>
    </ClInclude>
    <ClInclude Include="GetThdynCombGasZach.h">
      <Filter>Header Files</Filter>
    </ClInclude>
    <ClInclude Include="GetT_atm_p.h">
      <Filter>Header Files</Filter>
    </ClInclude>
    <ClInclude Include="GetPTF.h">
      <Filter>Header Files</Filter>
    </ClInclude>
    <ClInclude Include="GetIdealNozzleFlow.h">
      <Filter>Header Files</Filter>
    </ClInclude>
    <ClInclude Include="GetAirThermalConduct.h">
      <Filter>Header Files</Filter>
    </ClInclude>
    <ClInclude Include="GetAirViscosity.h">
      <Filter>Header Files</Filter>
    </ClInclude>
    <ClInclude Include="GetHTCoeffHTX.h">
      <Filter>Header Files</Filter>
    </ClInclude>
    <ClInclude Include="GetFuelPropertyN_Dodecane.h">
      <Filter>Header Files</Filter>
    </ClInclude>
    <ClInclude Include="GetDensityHCVapor.h">
      <Filter>Header Files</Filter>
    </ClInclude>
    <ClInclude Include="GetDiffusivityHCVaporToAir.h">
      <Filter>Header Files</Filter>
    </ClInclude>
  </ItemGroup>
</Project>