<?xml version="1.0" encoding="utf-8"?>
<Project ToolsVersion="4.0" xmlns="http://schemas.microsoft.com/developer/msbuild/2003">
  <ItemGroup>
    <Filter Include="Source Files">
      <UniqueIdentifier>{4FC737F1-C7A5-4376-A066-2A32D752A2FF}</UniqueIdentifier>
      <Extensions>cpp;c;cc;cxx;def;odl;idl;hpj;bat;asm;asmx</Extensions>
    </Filter>
    <Filter Include="Header Files">
      <UniqueIdentifier>{93995380-89BD-4b04-88EB-625FBE52EBFB}</UniqueIdentifier>
      <Extensions>h;hh;hpp;hxx;hm;inl;inc;xsd</Extensions>
    </Filter>
    <Filter Include="Resource Files">
      <UniqueIdentifier>{67DA6AB6-F800-4c08-8B7A-83BB121AAD01}</UniqueIdentifier>
      <Extensions>rc;ico;cur;bmp;dlg;rc2;rct;bin;rgs;gif;jpg;jpeg;jpe;resx;tiff;tif;png;wav;mfcribbon-ms</Extensions>
    </Filter>
  </ItemGroup>
  <ItemGroup>
    <ClCompile Include="..\..\codes\ICEDll20Sim.cpp">
      <Filter>Source Files</Filter>
    </ClCompile>
    <ClCompile Include="..\..\codes\subroutines\compressor_calc_PTF.cpp">
      <Filter>Source Files</Filter>
    </ClCompile>
    <ClCompile Include="..\..\codes\subroutines\dNOx.cpp">
      <Filter>Source Files</Filter>
    </ClCompile>
    <ClCompile Include="..\..\codes\subroutines\GetAirDensity.cpp">
      <Filter>Source Files</Filter>
    </ClCompile>
    <ClCompile Include="..\..\codes\subroutines\GetAirThermalConduct.cpp">
      <Filter>Source Files</Filter>
    </ClCompile>
    <ClCompile Include="..\..\codes\subroutines\GetAirViscosity.cpp">
      <Filter>Source Files</Filter>
    </ClCompile>
    <ClCompile Include="..\..\codes\subroutines\GetCompCombGas.cpp">
      <Filter>Source Files</Filter>
    </ClCompile>
    <ClCompile Include="..\..\codes\subroutines\GetCompleteComb.cpp">
      <Filter>Source Files</Filter>
    </ClCompile>
    <ClCompile Include="..\..\codes\subroutines\GetCorrAirComp.cpp">
      <Filter>Source Files</Filter>
    </ClCompile>
    <ClCompile Include="..\..\codes\subroutines\GetDensityHCVapor.cpp">
      <Filter>Source Files</Filter>
    </ClCompile>
    <ClCompile Include="..\..\codes\subroutines\GetDiffusivityHCVaporToAir.cpp">
      <Filter>Source Files</Filter>
    </ClCompile>
    <ClCompile Include="..\..\codes\subroutines\GetEquilGrill.cpp">
      <Filter>Source Files</Filter>
    </ClCompile>
    <ClCompile Include="..\..\codes\subroutines\GetEquilOlikara.cpp">
      <Filter>Source Files</Filter>
    </ClCompile>
    <ClCompile Include="..\..\codes\subroutines\GetFuelPropertyN_Dodecane.cpp">
      <Filter>Source Files</Filter>
    </ClCompile>
    <ClCompile Include="..\..\codes\subroutines\GetHTCoeffHTX.cpp">
      <Filter>Source Files</Filter>
    </ClCompile>
    <ClCompile Include="..\..\codes\subroutines\GetIdealNozzleFlow.cpp">
      <Filter>Source Files</Filter>
    </ClCompile>
    <ClCompile Include="..\..\codes\subroutines\GetIdealNozzleFlowPTF.cpp">
      <Filter>Source Files</Filter>
    </ClCompile>
    <ClCompile Include="..\..\codes\subroutines\GetMEMbZach.cpp">
      <Filter>Source Files</Filter>
    </ClCompile>
    <ClCompile Include="..\..\codes\subroutines\GetPTF.cpp">
      <Filter>Source Files</Filter>
    </ClCompile>
    <ClCompile Include="..\..\codes\subroutines\GetPTFSimple.cpp">
      <Filter>Source Files</Filter>
    </ClCompile>
    <ClCompile Include="..\..\codes\subroutines\GetPTFV1.cpp">
      <Filter>Source Files</Filter>
    </ClCompile>
    <ClCompile Include="..\..\codes\subroutines\GetPTx.cpp">
      <Filter>Source Files</Filter>
    </ClCompile>
    <ClCompile Include="..\..\codes\subroutines\GetT_atm_p.cpp">
      <Filter>Source Files</Filter>
    </ClCompile>
    <ClCompile Include="..\..\codes\subroutines\GetTFromPhF.cpp">
      <Filter>Source Files</Filter>
    </ClCompile>
    <ClCompile Include="..\..\codes\subroutines\GetThdynCombGasZach.cpp">
      <Filter>Source Files</Filter>
    </ClCompile>
    <ClCompile Include="..\..\codes\subroutines\GetThdynCombGasZachV1.cpp">
      <Filter>Source Files</Filter>
    </ClCompile>
    <ClCompile Include="..\..\codes\subroutines\GetThermalPropertyHCVaporReal.cpp">
      <Filter>Source Files</Filter>
    </ClCompile>
    <ClCompile Include="..\..\codes\subroutines\GetThermoDynProp.cpp">
      <Filter>Source Files</Filter>
    </ClCompile>
    <ClCompile Include="..\..\codes\subroutines\GetThermoDynPropPartial.cpp">
      <Filter>Source Files</Filter>
    </ClCompile>
    <ClCompile Include="..\..\codes\subroutines\GetTotalStaticPT.cpp">
      <Filter>Source Files</Filter>
    </ClCompile>
    <ClCompile Include="..\..\codes\subroutines\GetViscosityHCVapor.cpp">
      <Filter>Source Files</Filter>
    </ClCompile>
    <ClCompile Include="..\..\codes\subroutines\KpNASA7_upper.cpp">
      <Filter>Source Files</Filter>
    </ClCompile>
    <ClCompile Include="..\..\codes\subroutines\mldivide.cpp">
      <Filter>Source Files</Filter>
    </ClCompile>
    <ClCompile Include="..\..\codes\subroutines\power.cpp">
      <Filter>Source Files</Filter>
    </ClCompile>
    <ClCompile Include="..\..\codes\subroutines\rdivide.cpp">
      <Filter>Source Files</Filter>
    </ClCompile>
    <ClCompile Include="..\..\codes\subroutines\rt_nonfinite.cpp">
      <Filter>Source Files</Filter>
    </ClCompile>
    <ClCompile Include="..\..\codes\subroutines\rtGetInf.cpp">
      <Filter>Source Files</Filter>
    </ClCompile>
    <ClCompile Include="..\..\codes\subroutines\rtGetNaN.cpp">
      <Filter>Source Files</Filter>
    </ClCompile>
    <ClCompile Include="..\..\codes\subroutines\sqrt.cpp">
      <Filter>Source Files</Filter>
    </ClCompile>
    <ClCompile Include="..\..\codes\subroutines\ThdynPack_data.cpp">
      <Filter>Source Files</Filter>
    </ClCompile>
    <ClCompile Include="..\..\codes\subroutines\ThdynPack_initialize.cpp">
      <Filter>Source Files</Filter>
    </ClCompile>
    <ClCompile Include="..\..\codes\subroutines\ThdynPack_rtwutil.cpp">
      <Filter>Source Files</Filter>
    </ClCompile>
    <ClCompile Include="..\..\codes\subroutines\ThdynPack_terminate.cpp">
      <Filter>Source Files</Filter>
    </ClCompile>
  </ItemGroup>
  <ItemGroup>
    <ClInclude Include="..\..\codes\subroutines\compressor_calc_PTF.h">
      <Filter>Header Files</Filter>
    </ClInclude>
    <ClInclude Include="..\..\codes\subroutines\compressor_calc_PTF_wrapper.h">
      <Filter>Header Files</Filter>
    </ClInclude>
    <ClInclude Include="..\..\codes\subroutines\dNOx.h">
      <Filter>Header Files</Filter>
    </ClInclude>
    <ClInclude Include="..\..\codes\subroutines\GetAirDensity.h">
      <Filter>Header Files</Filter>
    </ClInclude>
    <ClInclude Include="..\..\codes\subroutines\GetAirThermalConduct.h">
      <Filter>Header Files</Filter>
    </ClInclude>
    <ClInclude Include="..\..\codes\subroutines\GetAirViscosity.h">
      <Filter>Header Files</Filter>
    </ClInclude>
    <ClInclude Include="..\..\codes\subroutines\GetCompCombGas.h">
      <Filter>Header Files</Filter>
    </ClInclude>
    <ClInclude Include="..\..\codes\subroutines\GetCompleteComb.h">
      <Filter>Header Files</Filter>
    </ClInclude>
    <ClInclude Include="..\..\codes\subroutines\GetCorrAirComp.h">
      <Filter>Header Files</Filter>
    </ClInclude>
    <ClInclude Include="..\..\codes\subroutines\GetDensityHCVapor.h">
      <Filter>Header Files</Filter>
    </ClInclude>
    <ClInclude Include="..\..\codes\subroutines\GetDiffusivityHCVaporToAir.h">
      <Filter>Header Files</Filter>
    </ClInclude>
    <ClInclude Include="..\..\codes\subroutines\GetEquilGrill.h">
      <Filter>Header Files</Filter>
    </ClInclude>
    <ClInclude Include="..\..\codes\subroutines\GetEquilOlikara.h">
      <Filter>Header Files</Filter>
    </ClInclude>
    <ClInclude Include="..\..\codes\subroutines\GetFuelPropertyN_Dodecane.h">
      <Filter>Header Files</Filter>
    </ClInclude>
    <ClInclude Include="..\..\codes\subroutines\GetHTCoeffHTX.h">
      <Filter>Header Files</Filter>
    </ClInclude>
    <ClInclude Include="..\..\codes\subroutines\GetIdealNozzleFlow.h">
      <Filter>Header Files</Filter>
    </ClInclude>
    <ClInclude Include="..\..\codes\subroutines\GetIdealNozzleFlowPTF.h">
      <Filter>Header Files</Filter>
    </ClInclude>
    <ClInclude Include="..\..\codes\subroutines\GetMEMbZach.h">
      <Filter>Header Files</Filter>
    </ClInclude>
    <ClInclude Include="..\..\codes\subroutines\GetPTF.h">
      <Filter>Header Files</Filter>
    </ClInclude>
    <ClInclude Include="..\..\codes\subroutines\GetPTFSimple.h">
      <Filter>Header Files</Filter>
    </ClInclude>
    <ClInclude Include="..\..\codes\subroutines\GetPTFV1.h">
      <Filter>Header Files</Filter>
    </ClInclude>
    <ClInclude Include="..\..\codes\subroutines\GetPTx.h">
      <Filter>Header Files</Filter>
    </ClInclude>
    <ClInclude Include="..\..\codes\subroutines\GetT_atm_p.h">
      <Filter>Header Files</Filter>
    </ClInclude>
    <ClInclude Include="..\..\codes\subroutines\GetTFromPhF.h">
      <Filter>Header Files</Filter>
    </ClInclude>
    <ClInclude Include="..\..\codes\subroutines\GetThdynCombGasZach.h">
      <Filter>Header Files</Filter>
    </ClInclude>
    <ClInclude Include="..\..\codes\subroutines\GetThdynCombGasZachV1.h">
      <Filter>Header Files</Filter>
    </ClInclude>
    <ClInclude Include="..\..\codes\subroutines\GetThermalPropertyHCVaporReal.h">
      <Filter>Header Files</Filter>
    </ClInclude>
    <ClInclude Include="..\..\codes\subroutines\GetThermoDynProp.h">
      <Filter>Header Files</Filter>
    </ClInclude>
    <ClInclude Include="..\..\codes\subroutines\GetThermoDynPropPartial.h">
      <Filter>Header Files</Filter>
    </ClInclude>
    <ClInclude Include="..\..\codes\subroutines\GetTotalStaticPT.h">
      <Filter>Header Files</Filter>
    </ClInclude>
    <ClInclude Include="..\..\codes\subroutines\GetViscosityHCVapor.h">
      <Filter>Header Files</Filter>
    </ClInclude>
    <ClInclude Include="..\..\codes\subroutines\KpNASA7_upper.h">
      <Filter>Header Files</Filter>
    </ClInclude>
    <ClInclude Include="..\..\codes\subroutines\mldivide.h">
      <Filter>Header Files</Filter>
    </ClInclude>
    <ClInclude Include="..\..\codes\subroutines\power.h">
      <Filter>Header Files</Filter>
    </ClInclude>
    <ClInclude Include="..\..\codes\subroutines\rdivide.h">
      <Filter>Header Files</Filter>
    </ClInclude>
    <ClInclude Include="..\..\codes\subroutines\rt_nonfinite.h">
      <Filter>Header Files</Filter>
    </ClInclude>
    <ClInclude Include="..\..\codes\subroutines\rtGetInf.h">
      <Filter>Header Files</Filter>
    </ClInclude>
    <ClInclude Include="..\..\codes\subroutines\rtGetNaN.h">
      <Filter>Header Files</Filter>
    </ClInclude>
    <ClInclude Include="..\..\codes\subroutines\rtwtypes.h">
      <Filter>Header Files</Filter>
    </ClInclude>
    <ClInclude Include="..\..\codes\subroutines\sqrt.h">
      <Filter>Header Files</Filter>
    </ClInclude>
    <ClInclude Include="..\..\codes\subroutines\ThdynPack_data.h">
      <Filter>Header Files</Filter>
    </ClInclude>
    <ClInclude Include="..\..\codes\subroutines\ThdynPack_initialize.h">
      <Filter>Header Files</Filter>
    </ClInclude>
    <ClInclude Include="..\..\codes\subroutines\ThdynPack_rtwutil.h">
      <Filter>Header Files</Filter>
    </ClInclude>
    <ClInclude Include="..\..\codes\subroutines\ThdynPack_terminate.h">
      <Filter>Header Files</Filter>
    </ClInclude>
    <ClInclude Include="..\..\codes\subroutines\ThdynPack_types.h">
      <Filter>Header Files</Filter>
    </ClInclude>
  </ItemGroup>
</Project>